// !$*UTF8*$!
{
	archiveVersion = 1;
	classes = {
	};
	objectVersion = 46;
	objects = {

/* Begin PBXBuildFile section */
		616D1BC9FAE9A63CE893EEAC /* Pods_PostThis.framework in Frameworks */ = {isa = PBXBuildFile; fileRef = 352DA552D4FB4F38CAA4F79F /* Pods_PostThis.framework */; };
		C94439951D94764300FB51C4 /* LoginView.swift in Sources */ = {isa = PBXBuildFile; fileRef = C94439941D94764300FB51C4 /* LoginView.swift */; };
		C94439981D94769700FB51C4 /* Constants.swift in Sources */ = {isa = PBXBuildFile; fileRef = C94439971D94769700FB51C4 /* Constants.swift */; };
		C944399A1D94785100FB51C4 /* RoundButton.swift in Sources */ = {isa = PBXBuildFile; fileRef = C94439991D94785100FB51C4 /* RoundButton.swift */; };
		C968E47B1D93560300F7FE7D /* AppDelegate.swift in Sources */ = {isa = PBXBuildFile; fileRef = C968E47A1D93560300F7FE7D /* AppDelegate.swift */; };
		C968E47D1D93560300F7FE7D /* SignInVC.swift in Sources */ = {isa = PBXBuildFile; fileRef = C968E47C1D93560300F7FE7D /* SignInVC.swift */; };
		C968E4801D93560300F7FE7D /* Main.storyboard in Resources */ = {isa = PBXBuildFile; fileRef = C968E47E1D93560300F7FE7D /* Main.storyboard */; };
		C968E4821D93560300F7FE7D /* Assets.xcassets in Resources */ = {isa = PBXBuildFile; fileRef = C968E4811D93560300F7FE7D /* Assets.xcassets */; };
		C968E4851D93560300F7FE7D /* LaunchScreen.storyboard in Resources */ = {isa = PBXBuildFile; fileRef = C968E4831D93560300F7FE7D /* LaunchScreen.storyboard */; };
		C968E48D1D93568700F7FE7D /* GoogleService-Info.plist in Resources */ = {isa = PBXBuildFile; fileRef = C968E48C1D93568700F7FE7D /* GoogleService-Info.plist */; };
		C9AFC19B1D94B50300770945 /* FBSDKCoreKit.framework in Frameworks */ = {isa = PBXBuildFile; fileRef = C9AFC19A1D94B50300770945 /* FBSDKCoreKit.framework */; };
		C9AFC19D1D94B51900770945 /* FBSDKLoginKit.framework in Frameworks */ = {isa = PBXBuildFile; fileRef = C9AFC19C1D94B51900770945 /* FBSDKLoginKit.framework */; };
		C9AFC19F1D94B52500770945 /* FBSDKShareKit.framework in Frameworks */ = {isa = PBXBuildFile; fileRef = C9AFC19E1D94B52500770945 /* FBSDKShareKit.framework */; };
/* End PBXBuildFile section */

/* Begin PBXFileReference section */
		197268458F4F21562A3402C9 /* Pods-PostThis.debug.xcconfig */ = {isa = PBXFileReference; includeInIndex = 1; lastKnownFileType = text.xcconfig; name = "Pods-PostThis.debug.xcconfig"; path = "Pods/Target Support Files/Pods-PostThis/Pods-PostThis.debug.xcconfig"; sourceTree = "<group>"; };
		352DA552D4FB4F38CAA4F79F /* Pods_PostThis.framework */ = {isa = PBXFileReference; explicitFileType = wrapper.framework; includeInIndex = 0; path = Pods_PostThis.framework; sourceTree = BUILT_PRODUCTS_DIR; };
		BED9E756D7E2B7430D49A6A8 /* Pods-PostThis.release.xcconfig */ = {isa = PBXFileReference; includeInIndex = 1; lastKnownFileType = text.xcconfig; name = "Pods-PostThis.release.xcconfig"; path = "Pods/Target Support Files/Pods-PostThis/Pods-PostThis.release.xcconfig"; sourceTree = "<group>"; };
		C94439941D94764300FB51C4 /* LoginView.swift */ = {isa = PBXFileReference; fileEncoding = 4; lastKnownFileType = sourcecode.swift; path = LoginView.swift; sourceTree = "<group>"; };
		C94439971D94769700FB51C4 /* Constants.swift */ = {isa = PBXFileReference; fileEncoding = 4; lastKnownFileType = sourcecode.swift; path = Constants.swift; sourceTree = "<group>"; };
		C94439991D94785100FB51C4 /* RoundButton.swift */ = {isa = PBXFileReference; fileEncoding = 4; lastKnownFileType = sourcecode.swift; path = RoundButton.swift; sourceTree = "<group>"; };
		C968E4771D93560300F7FE7D /* PostThis.app */ = {isa = PBXFileReference; explicitFileType = wrapper.application; includeInIndex = 0; path = PostThis.app; sourceTree = BUILT_PRODUCTS_DIR; };
		C968E47A1D93560300F7FE7D /* AppDelegate.swift */ = {isa = PBXFileReference; lastKnownFileType = sourcecode.swift; path = AppDelegate.swift; sourceTree = "<group>"; };
		C968E47C1D93560300F7FE7D /* SignInVC.swift */ = {isa = PBXFileReference; lastKnownFileType = sourcecode.swift; path = SignInVC.swift; sourceTree = "<group>"; };
		C968E47F1D93560300F7FE7D /* Base */ = {isa = PBXFileReference; lastKnownFileType = file.storyboard; name = Base; path = Base.lproj/Main.storyboard; sourceTree = "<group>"; };
		C968E4811D93560300F7FE7D /* Assets.xcassets */ = {isa = PBXFileReference; lastKnownFileType = folder.assetcatalog; path = Assets.xcassets; sourceTree = "<group>"; };
		C968E4841D93560300F7FE7D /* Base */ = {isa = PBXFileReference; lastKnownFileType = file.storyboard; name = Base; path = Base.lproj/LaunchScreen.storyboard; sourceTree = "<group>"; };
		C968E4861D93560300F7FE7D /* Info.plist */ = {isa = PBXFileReference; lastKnownFileType = text.plist.xml; path = Info.plist; sourceTree = "<group>"; };
		C968E48C1D93568700F7FE7D /* GoogleService-Info.plist */ = {isa = PBXFileReference; fileEncoding = 4; lastKnownFileType = text.plist.xml; path = "GoogleService-Info.plist"; sourceTree = "<group>"; };
		C9AFC19A1D94B50300770945 /* FBSDKCoreKit.framework */ = {isa = PBXFileReference; lastKnownFileType = wrapper.framework; path = FBSDKCoreKit.framework; sourceTree = "<group>"; };
		C9AFC19C1D94B51900770945 /* FBSDKLoginKit.framework */ = {isa = PBXFileReference; lastKnownFileType = wrapper.framework; path = FBSDKLoginKit.framework; sourceTree = "<group>"; };
		C9AFC19E1D94B52500770945 /* FBSDKShareKit.framework */ = {isa = PBXFileReference; lastKnownFileType = wrapper.framework; path = FBSDKShareKit.framework; sourceTree = "<group>"; };
		C9AFC1A01D94B5EA00770945 /* PostThis.entitlements */ = {isa = PBXFileReference; lastKnownFileType = text.plist.entitlements; path = PostThis.entitlements; sourceTree = "<group>"; };
/* End PBXFileReference section */

/* Begin PBXFrameworksBuildPhase section */
		C968E4741D93560300F7FE7D /* Frameworks */ = {
			isa = PBXFrameworksBuildPhase;
			buildActionMask = 2147483647;
			files = (
				C9AFC19F1D94B52500770945 /* FBSDKShareKit.framework in Frameworks */,
				616D1BC9FAE9A63CE893EEAC /* Pods_PostThis.framework in Frameworks */,
				C9AFC19B1D94B50300770945 /* FBSDKCoreKit.framework in Frameworks */,
				C9AFC19D1D94B51900770945 /* FBSDKLoginKit.framework in Frameworks */,
			);
			runOnlyForDeploymentPostprocessing = 0;
		};
/* End PBXFrameworksBuildPhase section */

/* Begin PBXGroup section */
		ABF7E682A4F27EE4D3BA5751 /* Pods */ = {
			isa = PBXGroup;
			children = (
				197268458F4F21562A3402C9 /* Pods-PostThis.debug.xcconfig */,
				BED9E756D7E2B7430D49A6A8 /* Pods-PostThis.release.xcconfig */,
			);
			name = Pods;
			sourceTree = "<group>";
		};
		C94439911D93581400FB51C4 /* Model */ = {
			isa = PBXGroup;
			children = (
			);
			name = Model;
			sourceTree = "<group>";
		};
		C94439921D93581B00FB51C4 /* Controller */ = {
			isa = PBXGroup;
			children = (
			);
			name = Controller;
			sourceTree = "<group>";
		};
		C94439931D93582200FB51C4 /* View */ = {
			isa = PBXGroup;
			children = (
				C968E47C1D93560300F7FE7D /* SignInVC.swift */,
				C94439941D94764300FB51C4 /* LoginView.swift */,
				C94439991D94785100FB51C4 /* RoundButton.swift */,
			);
			name = View;
			sourceTree = "<group>";
		};
		C94439961D94768500FB51C4 /* Utilities */ = {
			isa = PBXGroup;
			children = (
				C94439971D94769700FB51C4 /* Constants.swift */,
			);
			name = Utilities;
			sourceTree = "<group>";
		};
		C968E46E1D93560300F7FE7D = {
			isa = PBXGroup;
			children = (
				C968E4791D93560300F7FE7D /* PostThis */,
				C968E4781D93560300F7FE7D /* Products */,
				ABF7E682A4F27EE4D3BA5751 /* Pods */,
				D845502385910BA5F3845C90 /* Frameworks */,
			);
			sourceTree = "<group>";
		};
		C968E4781D93560300F7FE7D /* Products */ = {
			isa = PBXGroup;
			children = (
				C968E4771D93560300F7FE7D /* PostThis.app */,
			);
			name = Products;
			sourceTree = "<group>";
		};
		C968E4791D93560300F7FE7D /* PostThis */ = {
			isa = PBXGroup;
			children = (
				C9AFC1A01D94B5EA00770945 /* PostThis.entitlements */,
				C94439961D94768500FB51C4 /* Utilities */,
				C94439931D93582200FB51C4 /* View */,
				C94439921D93581B00FB51C4 /* Controller */,
				C94439911D93581400FB51C4 /* Model */,
				C968E47A1D93560300F7FE7D /* AppDelegate.swift */,
				C968E47E1D93560300F7FE7D /* Main.storyboard */,
				C968E4811D93560300F7FE7D /* Assets.xcassets */,
				C968E4831D93560300F7FE7D /* LaunchScreen.storyboard */,
				C968E4861D93560300F7FE7D /* Info.plist */,
				C968E48C1D93568700F7FE7D /* GoogleService-Info.plist */,
			);
			path = PostThis;
			sourceTree = "<group>";
		};
		D845502385910BA5F3845C90 /* Frameworks */ = {
			isa = PBXGroup;
			children = (
				C9AFC19E1D94B52500770945 /* FBSDKShareKit.framework */,
				C9AFC19C1D94B51900770945 /* FBSDKLoginKit.framework */,
				C9AFC19A1D94B50300770945 /* FBSDKCoreKit.framework */,
				352DA552D4FB4F38CAA4F79F /* Pods_PostThis.framework */,
			);
			name = Frameworks;
			sourceTree = "<group>";
		};
/* End PBXGroup section */

/* Begin PBXNativeTarget section */
		C968E4761D93560300F7FE7D /* PostThis */ = {
			isa = PBXNativeTarget;
			buildConfigurationList = C968E4891D93560300F7FE7D /* Build configuration list for PBXNativeTarget "PostThis" */;
			buildPhases = (
				4FE4F4E95A291AB0547E19B1 /* [CP] Check Pods Manifest.lock */,
				C968E4731D93560300F7FE7D /* Sources */,
				C968E4741D93560300F7FE7D /* Frameworks */,
				C968E4751D93560300F7FE7D /* Resources */,
				BEAC419DB8EBD6707CE85753 /* [CP] Embed Pods Frameworks */,
				E3C38E6B225B8BBC44F5FF0D /* [CP] Copy Pods Resources */,
			);
			buildRules = (
			);
			dependencies = (
			);
			name = PostThis;
			productName = PostThis;
			productReference = C968E4771D93560300F7FE7D /* PostThis.app */;
			productType = "com.apple.product-type.application";
		};
/* End PBXNativeTarget section */

/* Begin PBXProject section */
		C968E46F1D93560300F7FE7D /* Project object */ = {
			isa = PBXProject;
			attributes = {
				LastSwiftUpdateCheck = 0800;
				LastUpgradeCheck = 0800;
				ORGANIZATIONNAME = "Chiranth Bangalore Sathyaprakash";
				TargetAttributes = {
					C968E4761D93560300F7FE7D = {
						CreatedOnToolsVersion = 8.0;
						DevelopmentTeam = 9LGU8TYSZ7;
						ProvisioningStyle = Automatic;
						SystemCapabilities = {
							com.apple.Keychain = {
								enabled = 1;
							};
						};
					};
				};
			};
			buildConfigurationList = C968E4721D93560300F7FE7D /* Build configuration list for PBXProject "PostThis" */;
			compatibilityVersion = "Xcode 3.2";
			developmentRegion = English;
			hasScannedForEncodings = 0;
			knownRegions = (
				en,
				Base,
			);
			mainGroup = C968E46E1D93560300F7FE7D;
			productRefGroup = C968E4781D93560300F7FE7D /* Products */;
			projectDirPath = "";
			projectRoot = "";
			targets = (
				C968E4761D93560300F7FE7D /* PostThis */,
			);
		};
/* End PBXProject section */

/* Begin PBXResourcesBuildPhase section */
		C968E4751D93560300F7FE7D /* Resources */ = {
			isa = PBXResourcesBuildPhase;
			buildActionMask = 2147483647;
			files = (
				C968E4851D93560300F7FE7D /* LaunchScreen.storyboard in Resources */,
				C968E48D1D93568700F7FE7D /* GoogleService-Info.plist in Resources */,
				C968E4821D93560300F7FE7D /* Assets.xcassets in Resources */,
				C968E4801D93560300F7FE7D /* Main.storyboard in Resources */,
			);
			runOnlyForDeploymentPostprocessing = 0;
		};
/* End PBXResourcesBuildPhase section */

/* Begin PBXShellScriptBuildPhase section */
		4FE4F4E95A291AB0547E19B1 /* [CP] Check Pods Manifest.lock */ = {
			isa = PBXShellScriptBuildPhase;
			buildActionMask = 2147483647;
			files = (
			);
			inputPaths = (
			);
			name = "[CP] Check Pods Manifest.lock";
			outputPaths = (
			);
			runOnlyForDeploymentPostprocessing = 0;
			shellPath = /bin/sh;
			shellScript = "diff \"${PODS_ROOT}/../Podfile.lock\" \"${PODS_ROOT}/Manifest.lock\" > /dev/null\nif [ $? != 0 ] ; then\n    # print error to STDERR\n    echo \"error: The sandbox is not in sync with the Podfile.lock. Run 'pod install' or update your CocoaPods installation.\" >&2\n    exit 1\nfi\n";
			showEnvVarsInLog = 0;
		};
		BEAC419DB8EBD6707CE85753 /* [CP] Embed Pods Frameworks */ = {
			isa = PBXShellScriptBuildPhase;
			buildActionMask = 2147483647;
			files = (
			);
			inputPaths = (
			);
			name = "[CP] Embed Pods Frameworks";
			outputPaths = (
			);
			runOnlyForDeploymentPostprocessing = 0;
			shellPath = /bin/sh;
			shellScript = "\"${SRCROOT}/Pods/Target Support Files/Pods-PostThis/Pods-PostThis-frameworks.sh\"\n";
			showEnvVarsInLog = 0;
		};
		E3C38E6B225B8BBC44F5FF0D /* [CP] Copy Pods Resources */ = {
			isa = PBXShellScriptBuildPhase;
			buildActionMask = 2147483647;
			files = (
			);
			inputPaths = (
			);
			name = "[CP] Copy Pods Resources";
			outputPaths = (
			);
			runOnlyForDeploymentPostprocessing = 0;
			shellPath = /bin/sh;
			shellScript = "\"${SRCROOT}/Pods/Target Support Files/Pods-PostThis/Pods-PostThis-resources.sh\"\n";
			showEnvVarsInLog = 0;
		};
/* End PBXShellScriptBuildPhase section */

/* Begin PBXSourcesBuildPhase section */
		C968E4731D93560300F7FE7D /* Sources */ = {
			isa = PBXSourcesBuildPhase;
			buildActionMask = 2147483647;
			files = (
				C94439951D94764300FB51C4 /* LoginView.swift in Sources */,
				C944399A1D94785100FB51C4 /* RoundButton.swift in Sources */,
				C968E47D1D93560300F7FE7D /* SignInVC.swift in Sources */,
				C968E47B1D93560300F7FE7D /* AppDelegate.swift in Sources */,
				C94439981D94769700FB51C4 /* Constants.swift in Sources */,
			);
			runOnlyForDeploymentPostprocessing = 0;
		};
/* End PBXSourcesBuildPhase section */

/* Begin PBXVariantGroup section */
		C968E47E1D93560300F7FE7D /* Main.storyboard */ = {
			isa = PBXVariantGroup;
			children = (
				C968E47F1D93560300F7FE7D /* Base */,
			);
			name = Main.storyboard;
			sourceTree = "<group>";
		};
		C968E4831D93560300F7FE7D /* LaunchScreen.storyboard */ = {
			isa = PBXVariantGroup;
			children = (
				C968E4841D93560300F7FE7D /* Base */,
			);
			name = LaunchScreen.storyboard;
			sourceTree = "<group>";
		};
/* End PBXVariantGroup section */

/* Begin XCBuildConfiguration section */
		C968E4871D93560300F7FE7D /* Debug */ = {
			isa = XCBuildConfiguration;
			buildSettings = {
				ALWAYS_SEARCH_USER_PATHS = NO;
				CLANG_ANALYZER_NONNULL = YES;
				CLANG_CXX_LANGUAGE_STANDARD = "gnu++0x";
				CLANG_CXX_LIBRARY = "libc++";
				CLANG_ENABLE_MODULES = YES;
				CLANG_ENABLE_OBJC_ARC = YES;
				CLANG_WARN_BOOL_CONVERSION = YES;
				CLANG_WARN_CONSTANT_CONVERSION = YES;
				CLANG_WARN_DIRECT_OBJC_ISA_USAGE = YES_ERROR;
				CLANG_WARN_DOCUMENTATION_COMMENTS = YES;
				CLANG_WARN_EMPTY_BODY = YES;
				CLANG_WARN_ENUM_CONVERSION = YES;
				CLANG_WARN_INFINITE_RECURSION = YES;
				CLANG_WARN_INT_CONVERSION = YES;
				CLANG_WARN_OBJC_ROOT_CLASS = YES_ERROR;
				CLANG_WARN_SUSPICIOUS_MOVES = YES;
				CLANG_WARN_UNREACHABLE_CODE = YES;
				CLANG_WARN__DUPLICATE_METHOD_MATCH = YES;
				"CODE_SIGN_IDENTITY[sdk=iphoneos*]" = "iPhone Developer";
				COPY_PHASE_STRIP = NO;
				DEBUG_INFORMATION_FORMAT = dwarf;
				ENABLE_STRICT_OBJC_MSGSEND = YES;
				ENABLE_TESTABILITY = YES;
				GCC_C_LANGUAGE_STANDARD = gnu99;
				GCC_DYNAMIC_NO_PIC = NO;
				GCC_NO_COMMON_BLOCKS = YES;
				GCC_OPTIMIZATION_LEVEL = 0;
				GCC_PREPROCESSOR_DEFINITIONS = (
					"DEBUG=1",
					"$(inherited)",
				);
				GCC_WARN_64_TO_32_BIT_CONVERSION = YES;
				GCC_WARN_ABOUT_RETURN_TYPE = YES_ERROR;
				GCC_WARN_UNDECLARED_SELECTOR = YES;
				GCC_WARN_UNINITIALIZED_AUTOS = YES_AGGRESSIVE;
				GCC_WARN_UNUSED_FUNCTION = YES;
				GCC_WARN_UNUSED_VARIABLE = YES;
				IPHONEOS_DEPLOYMENT_TARGET = 10.0;
				MTL_ENABLE_DEBUG_INFO = YES;
				ONLY_ACTIVE_ARCH = YES;
				SDKROOT = iphoneos;
				SWIFT_ACTIVE_COMPILATION_CONDITIONS = DEBUG;
				SWIFT_OPTIMIZATION_LEVEL = "-Onone";
				TARGETED_DEVICE_FAMILY = "1,2";
			};
			name = Debug;
		};
		C968E4881D93560300F7FE7D /* Release */ = {
			isa = XCBuildConfiguration;
			buildSettings = {
				ALWAYS_SEARCH_USER_PATHS = NO;
				CLANG_ANALYZER_NONNULL = YES;
				CLANG_CXX_LANGUAGE_STANDARD = "gnu++0x";
				CLANG_CXX_LIBRARY = "libc++";
				CLANG_ENABLE_MODULES = YES;
				CLANG_ENABLE_OBJC_ARC = YES;
				CLANG_WARN_BOOL_CONVERSION = YES;
				CLANG_WARN_CONSTANT_CONVERSION = YES;
				CLANG_WARN_DIRECT_OBJC_ISA_USAGE = YES_ERROR;
				CLANG_WARN_DOCUMENTATION_COMMENTS = YES;
				CLANG_WARN_EMPTY_BODY = YES;
				CLANG_WARN_ENUM_CONVERSION = YES;
				CLANG_WARN_INFINITE_RECURSION = YES;
				CLANG_WARN_INT_CONVERSION = YES;
				CLANG_WARN_OBJC_ROOT_CLASS = YES_ERROR;
				CLANG_WARN_SUSPICIOUS_MOVES = YES;
				CLANG_WARN_UNREACHABLE_CODE = YES;
				CLANG_WARN__DUPLICATE_METHOD_MATCH = YES;
				"CODE_SIGN_IDENTITY[sdk=iphoneos*]" = "iPhone Developer";
				COPY_PHASE_STRIP = NO;
				DEBUG_INFORMATION_FORMAT = "dwarf-with-dsym";
				ENABLE_NS_ASSERTIONS = NO;
				ENABLE_STRICT_OBJC_MSGSEND = YES;
				GCC_C_LANGUAGE_STANDARD = gnu99;
				GCC_NO_COMMON_BLOCKS = YES;
				GCC_WARN_64_TO_32_BIT_CONVERSION = YES;
				GCC_WARN_ABOUT_RETURN_TYPE = YES_ERROR;
				GCC_WARN_UNDECLARED_SELECTOR = YES;
				GCC_WARN_UNINITIALIZED_AUTOS = YES_AGGRESSIVE;
				GCC_WARN_UNUSED_FUNCTION = YES;
				GCC_WARN_UNUSED_VARIABLE = YES;
				IPHONEOS_DEPLOYMENT_TARGET = 10.0;
				MTL_ENABLE_DEBUG_INFO = NO;
				SDKROOT = iphoneos;
				SWIFT_OPTIMIZATION_LEVEL = "-Owholemodule";
				TARGETED_DEVICE_FAMILY = "1,2";
				VALIDATE_PRODUCT = YES;
			};
			name = Release;
		};
		C968E48A1D93560300F7FE7D /* Debug */ = {
			isa = XCBuildConfiguration;
			baseConfigurationReference = 197268458F4F21562A3402C9 /* Pods-PostThis.debug.xcconfig */;
			buildSettings = {
				ASSETCATALOG_COMPILER_APPICON_NAME = AppIcon;
				CODE_SIGN_ENTITLEMENTS = PostThis/PostThis.entitlements;
				DEVELOPMENT_TEAM = 9LGU8TYSZ7;
				FRAMEWORK_SEARCH_PATHS = (
					"$(inherited)",
					"$(PROJECT_DIR)",
				);
				INFOPLIST_FILE = PostThis/Info.plist;
				LD_RUNPATH_SEARCH_PATHS = "$(inherited) @executable_path/Frameworks";
				PRODUCT_BUNDLE_IDENTIFIER = chiranth.PostThis;
				PRODUCT_NAME = "$(TARGET_NAME)";
				SWIFT_VERSION = 3.0;
			};
			name = Debug;
		};
		C968E48B1D93560300F7FE7D /* Release */ = {
			isa = XCBuildConfiguration;
			baseConfigurationReference = BED9E756D7E2B7430D49A6A8 /* Pods-PostThis.release.xcconfig */;
			buildSettings = {
				ASSETCATALOG_COMPILER_APPICON_NAME = AppIcon;
				CODE_SIGN_ENTITLEMENTS = PostThis/PostThis.entitlements;
				DEVELOPMENT_TEAM = 9LGU8TYSZ7;
				FRAMEWORK_SEARCH_PATHS = (
					"$(inherited)",
					"$(PROJECT_DIR)",
				);
				INFOPLIST_FILE = PostThis/Info.plist;
				LD_RUNPATH_SEARCH_PATHS = "$(inherited) @executable_path/Frameworks";
				PRODUCT_BUNDLE_IDENTIFIER = chiranth.PostThis;
				PRODUCT_NAME = "$(TARGET_NAME)";
				SWIFT_VERSION = 3.0;
			};
			name = Release;
		};
/* End XCBuildConfiguration section */

/* Begin XCConfigurationList section */
		C968E4721D93560300F7FE7D /* Build configuration list for PBXProject "PostThis" */ = {
			isa = XCConfigurationList;
			buildConfigurations = (
				C968E4871D93560300F7FE7D /* Debug */,
				C968E4881D93560300F7FE7D /* Release */,
			);
			defaultConfigurationIsVisible = 0;
			defaultConfigurationName = Release;
		};
		C968E4891D93560300F7FE7D /* Build configuration list for PBXNativeTarget "PostThis" */ = {
			isa = XCConfigurationList;
			buildConfigurations = (
				C968E48A1D93560300F7FE7D /* Debug */,
				C968E48B1D93560300F7FE7D /* Release */,
			);
			defaultConfigurationIsVisible = 0;
			defaultConfigurationName = Release;
		};
/* End XCConfigurationList section */
	};
	rootObject = C968E46F1D93560300F7FE7D /* Project object */;
}
